
Microsoft Visual Studio Solution File, Format Version 12.00
Project("{FAE04EC0-301F-11D3-BF4B-00C04F79EFBC}") = "Application", "Application\Application.csproj", "{BE28BA1C-798A-4083-8564-63DE6500FAD3}"
EndProject
Project("{FAE04EC0-301F-11D3-BF4B-00C04F79EFBC}") = "TestApplication", "TestApplication\TestApplication.csproj", "{1CD84DFB-CEAB-4122-9975-53496068782F}"
EndProject
Global
	GlobalSection(SolutionConfigurationPlatforms) = preSolution
		Debug|Any CPU = Debug|Any CPU
		Release|Any CPU = Release|Any CPU
	EndGlobalSection
	GlobalSection(ProjectConfigurationPlatforms) = postSolution
		{BE28BA1C-798A-4083-8564-63DE6500FAD3}.Debug|Any CPU.ActiveCfg = Debug|Any CPU
		{BE28BA1C-798A-4083-8564-63DE6500FAD3}.Debug|Any CPU.Build.0 = Debug|Any CPU
		{BE28BA1C-798A-4083-8564-63DE6500FAD3}.Release|Any CPU.ActiveCfg = Release|Any CPU
		{BE28BA1C-798A-4083-8564-63DE6500FAD3}.Release|Any CPU.Build.0 = Release|Any CPU
		{1CD84DFB-CEAB-4122-9975-53496068782F}.Debug|Any CPU.ActiveCfg = Debug|Any CPU
		{1CD84DFB-CEAB-4122-9975-53496068782F}.Debug|Any CPU.Build.0 = Debug|Any CPU
		{1CD84DFB-CEAB-4122-9975-53496068782F}.Release|Any CPU.ActiveCfg = Release|Any CPU
		{1CD84DFB-CEAB-4122-9975-53496068782F}.Release|Any CPU.Build.0 = Release|Any CPU
	EndGlobalSection
EndGlobal
